
Microsoft Visual Studio Solution File, Format Version 12.00
# Visual Studio Version 16
VisualStudioVersion = 16.0.29519.87
MinimumVisualStudioVersion = 10.0.40219.1
Project("{FAE04EC0-301F-11D3-BF4B-00C04F79EFBC}") = "PDSystem", "test\PDSystem.csproj", "{8782D2AA-5ACC-43C7-B037-90A7FDE642A2}"
EndProject
Global
	GlobalSection(SolutionConfigurationPlatforms) = preSolution
		Debug|Any CPU = Debug|Any CPU
		Release|Any CPU = Release|Any CPU
	EndGlobalSection
	GlobalSection(ProjectConfigurationPlatforms) = postSolution
		{8782D2AA-5ACC-43C7-B037-90A7FDE642A2}.Debug|Any CPU.ActiveCfg = Debug|Any CPU
		{8782D2AA-5ACC-43C7-B037-90A7FDE642A2}.Debug|Any CPU.Build.0 = Debug|Any CPU
		{8782D2AA-5ACC-43C7-B037-90A7FDE642A2}.Release|Any CPU.ActiveCfg = Release|Any CPU
		{8782D2AA-5ACC-43C7-B037-90A7FDE642A2}.Release|Any CPU.Build.0 = Release|Any CPU
	EndGlobalSection
	GlobalSection(SolutionProperties) = preSolution
		HideSolutionNode = FALSE
	EndGlobalSection
	GlobalSection(ExtensibilityGlobals) = postSolution
		SolutionGuid = {C58468FA-73E5-43B4-BB32-A47ECCD6A58D}
	EndGlobalSection
EndGlobal
